
Microsoft Visual Studio Solution File, Format Version 12.00
# Visual Studio Version 16
VisualStudioVersion = 16.0.30406.217
MinimumVisualStudioVersion = 10.0.40219.1
Project("{FAE04EC0-301F-11D3-BF4B-00C04F79EFBC}") = "CurriculumDelivery", "CurriculumDelivery.csproj", "{562FB4AF-C72C-4861-AE54-14185BD7EBC8}"
EndProject
Global
	GlobalSection(SolutionConfigurationPlatforms) = preSolution
		Debug|Any CPU = Debug|Any CPU
		Release|Any CPU = Release|Any CPU
	EndGlobalSection
	GlobalSection(ProjectConfigurationPlatforms) = postSolution
		{562FB4AF-C72C-4861-AE54-14185BD7EBC8}.Debug|Any CPU.ActiveCfg = Debug|Any CPU
		{562FB4AF-C72C-4861-AE54-14185BD7EBC8}.Debug|Any CPU.Build.0 = Debug|Any CPU
		{562FB4AF-C72C-4861-AE54-14185BD7EBC8}.Release|Any CPU.ActiveCfg = Release|Any CPU
		{562FB4AF-C72C-4861-AE54-14185BD7EBC8}.Release|Any CPU.Build.0 = Release|Any CPU
	EndGlobalSection
	GlobalSection(SolutionProperties) = preSolution
		HideSolutionNode = FALSE
	EndGlobalSection
	GlobalSection(ExtensibilityGlobals) = postSolution
		SolutionGuid = {3E8477D5-6B7B-48B0-A520-1A6D15990FDF}
	EndGlobalSection
EndGlobal
